
Microsoft Visual Studio Solution File, Format Version 12.00
# Visual Studio 15
VisualStudioVersion = 15.0.27512.0
MinimumVisualStudioVersion = 10.0.40219.1
Project("{FAE04EC0-301F-11D3-BF4B-00C04F79EFBC}") = "MyApp", "MyApp\MyApp.csproj", "{11FED198-F1B4-42DC-8A4A-5630FCF4DD82}"
EndProject
Project("{FAE04EC0-301F-11D3-BF4B-00C04F79EFBC}") = "MyTests", "MyTests\MyTests.csproj", "{6BE4014A-A040-459C-A6BA-1F885FBD8C9E}"
EndProject
Global
	GlobalSection(SolutionConfigurationPlatforms) = preSolution
		Debug|Any CPU = Debug|Any CPU
		Release|Any CPU = Release|Any CPU
	EndGlobalSection
	GlobalSection(ProjectConfigurationPlatforms) = postSolution
		{11FED198-F1B4-42DC-8A4A-5630FCF4DD82}.Debug|Any CPU.ActiveCfg = Debug|Any CPU
		{11FED198-F1B4-42DC-8A4A-5630FCF4DD82}.Debug|Any CPU.Build.0 = Debug|Any CPU
		{11FED198-F1B4-42DC-8A4A-5630FCF4DD82}.Release|Any CPU.ActiveCfg = Release|Any CPU
		{11FED198-F1B4-42DC-8A4A-5630FCF4DD82}.Release|Any CPU.Build.0 = Release|Any CPU
		{6BE4014A-A040-459C-A6BA-1F885FBD8C9E}.Debug|Any CPU.ActiveCfg = Debug|Any CPU
		{6BE4014A-A040-459C-A6BA-1F885FBD8C9E}.Debug|Any CPU.Build.0 = Debug|Any CPU
		{6BE4014A-A040-459C-A6BA-1F885FBD8C9E}.Release|Any CPU.ActiveCfg = Release|Any CPU
		{6BE4014A-A040-459C-A6BA-1F885FBD8C9E}.Release|Any CPU.Build.0 = Release|Any CPU
	EndGlobalSection
	GlobalSection(SolutionProperties) = preSolution
		HideSolutionNode = FALSE
	EndGlobalSection
	GlobalSection(ExtensibilityGlobals) = postSolution
		SolutionGuid = {103B7978-C8DB-4F52-869F-5E89498BCFAB}
	EndGlobalSection
EndGlobal
