
Microsoft Visual Studio Solution File, Format Version 12.00
# Visual Studio 15
VisualStudioVersion = 15.0.27512.0
MinimumVisualStudioVersion = 10.0.40219.1
Project("{FAE04EC0-301F-11D3-BF4B-00C04F79EFBC}") = "MyApp", "MyApp\MyApp.csproj", "{11FED198-F1B4-42DC-8A4A-5630FCF4DD82}"
EndProject
Project("{FAE04EC0-301F-11D3-BF4B-00C04F79EFBC}") = "SubTests", "SubTests\SubTests.csproj", "{2E3DF5C2-8A38-4A03-86D7-8D463C917E47}"
EndProject
Project("{FAE04EC0-301F-11D3-BF4B-00C04F79EFBC}") = "MultTests", "MultTests\MultTests.csproj", "{3A5BF390-0F4A-4671-BFFA-C0CD53E50B5E}"
EndProject
Project("{FAE04EC0-301F-11D3-BF4B-00C04F79EFBC}") = "AddTests", "AddTests\AddTests.csproj", "{EC08A73E-4A2A-4ED4-B3BA-2159CD9D8EB9}"
EndProject
Project("{FAE04EC0-301F-11D3-BF4B-00C04F79EFBC}") = "DivTests", "DivTests\DivTests.csproj", "{35E41953-AB8C-42D6-9FD0-99CF03306F2F}"
EndProject
Global
	GlobalSection(SolutionConfigurationPlatforms) = preSolution
		Debug|Any CPU = Debug|Any CPU
		Release|Any CPU = Release|Any CPU
	EndGlobalSection
	GlobalSection(ProjectConfigurationPlatforms) = postSolution
		{11FED198-F1B4-42DC-8A4A-5630FCF4DD82}.Debug|Any CPU.ActiveCfg = Debug|Any CPU
		{11FED198-F1B4-42DC-8A4A-5630FCF4DD82}.Debug|Any CPU.Build.0 = Debug|Any CPU
		{11FED198-F1B4-42DC-8A4A-5630FCF4DD82}.Release|Any CPU.ActiveCfg = Release|Any CPU
		{11FED198-F1B4-42DC-8A4A-5630FCF4DD82}.Release|Any CPU.Build.0 = Release|Any CPU
		{2E3DF5C2-8A38-4A03-86D7-8D463C917E47}.Debug|Any CPU.ActiveCfg = Debug|Any CPU
		{2E3DF5C2-8A38-4A03-86D7-8D463C917E47}.Debug|Any CPU.Build.0 = Debug|Any CPU
		{2E3DF5C2-8A38-4A03-86D7-8D463C917E47}.Release|Any CPU.ActiveCfg = Release|Any CPU
		{2E3DF5C2-8A38-4A03-86D7-8D463C917E47}.Release|Any CPU.Build.0 = Release|Any CPU
		{3A5BF390-0F4A-4671-BFFA-C0CD53E50B5E}.Debug|Any CPU.ActiveCfg = Debug|Any CPU
		{3A5BF390-0F4A-4671-BFFA-C0CD53E50B5E}.Debug|Any CPU.Build.0 = Debug|Any CPU
		{3A5BF390-0F4A-4671-BFFA-C0CD53E50B5E}.Release|Any CPU.ActiveCfg = Release|Any CPU
		{3A5BF390-0F4A-4671-BFFA-C0CD53E50B5E}.Release|Any CPU.Build.0 = Release|Any CPU
		{EC08A73E-4A2A-4ED4-B3BA-2159CD9D8EB9}.Debug|Any CPU.ActiveCfg = Debug|Any CPU
		{EC08A73E-4A2A-4ED4-B3BA-2159CD9D8EB9}.Debug|Any CPU.Build.0 = Debug|Any CPU
		{EC08A73E-4A2A-4ED4-B3BA-2159CD9D8EB9}.Release|Any CPU.ActiveCfg = Release|Any CPU
		{EC08A73E-4A2A-4ED4-B3BA-2159CD9D8EB9}.Release|Any CPU.Build.0 = Release|Any CPU
		{35E41953-AB8C-42D6-9FD0-99CF03306F2F}.Debug|Any CPU.ActiveCfg = Debug|Any CPU
		{35E41953-AB8C-42D6-9FD0-99CF03306F2F}.Debug|Any CPU.Build.0 = Debug|Any CPU
		{35E41953-AB8C-42D6-9FD0-99CF03306F2F}.Release|Any CPU.ActiveCfg = Release|Any CPU
		{35E41953-AB8C-42D6-9FD0-99CF03306F2F}.Release|Any CPU.Build.0 = Release|Any CPU
	EndGlobalSection
	GlobalSection(SolutionProperties) = preSolution
		HideSolutionNode = FALSE
	EndGlobalSection
	GlobalSection(ExtensibilityGlobals) = postSolution
		SolutionGuid = {103B7978-C8DB-4F52-869F-5E89498BCFAB}
	EndGlobalSection
EndGlobal
